
Microsoft Visual Studio Solution File, Format Version 12.00
# Visual Studio 15
VisualStudioVersion = 15.0.28307.1082
MinimumVisualStudioVersion = 10.0.40219.1
Project("{8BC9CEB8-8B4A-11D0-8D11-00A0C91BC942}") = "DataContainers", "DataContainers\DataContainers.vcxproj", "{DA939F87-2036-4583-8E42-B91DFA1928D3}"
EndProject
Project("{8BC9CEB8-8B4A-11D0-8D11-00A0C91BC942}") = "ForwardList", "ForwardList\ForwardList.vcxproj", "{BBA6CEED-E066-4580-A633-8EC0D6EDEADF}"
EndProject
Project("{8BC9CEB8-8B4A-11D0-8D11-00A0C91BC942}") = "HomeWork", "HomeWork\HomeWork.vcxproj", "{8025F503-D584-4F50-8F47-E9C84226A093}"
EndProject
Project("{8BC9CEB8-8B4A-11D0-8D11-00A0C91BC942}") = "List2", "List2\List2.vcxproj", "{E1EC53CD-D984-40B1-9DA4-03D7AAAB7263}"
EndProject
Project("{8BC9CEB8-8B4A-11D0-8D11-00A0C91BC942}") = "BinaryTree", "BinaryTree\BinaryTree.vcxproj", "{282CBDD5-B192-4097-94D9-F58022362213}"
EndProject
Project("{8BC9CEB8-8B4A-11D0-8D11-00A0C91BC942}") = "FunctionPointers", "FunctionPointers\FunctionPointers.vcxproj", "{C0461141-746D-4018-9D5F-35ED9F93891E}"
EndProject
Global
	GlobalSection(SolutionConfigurationPlatforms) = preSolution
		Debug|x64 = Debug|x64
		Debug|x86 = Debug|x86
		Release|x64 = Release|x64
		Release|x86 = Release|x86
	EndGlobalSection
	GlobalSection(ProjectConfigurationPlatforms) = postSolution
		{DA939F87-2036-4583-8E42-B91DFA1928D3}.Debug|x64.ActiveCfg = Debug|x64
		{DA939F87-2036-4583-8E42-B91DFA1928D3}.Debug|x64.Build.0 = Debug|x64
		{DA939F87-2036-4583-8E42-B91DFA1928D3}.Debug|x86.ActiveCfg = Debug|Win32
		{DA939F87-2036-4583-8E42-B91DFA1928D3}.Debug|x86.Build.0 = Debug|Win32
		{DA939F87-2036-4583-8E42-B91DFA1928D3}.Release|x64.ActiveCfg = Release|x64
		{DA939F87-2036-4583-8E42-B91DFA1928D3}.Release|x64.Build.0 = Release|x64
		{DA939F87-2036-4583-8E42-B91DFA1928D3}.Release|x86.ActiveCfg = Release|Win32
		{DA939F87-2036-4583-8E42-B91DFA1928D3}.Release|x86.Build.0 = Release|Win32
		{BBA6CEED-E066-4580-A633-8EC0D6EDEADF}.Debug|x64.ActiveCfg = Debug|x64
		{BBA6CEED-E066-4580-A633-8EC0D6EDEADF}.Debug|x64.Build.0 = Debug|x64
		{BBA6CEED-E066-4580-A633-8EC0D6EDEADF}.Debug|x86.ActiveCfg = Debug|Win32
		{BBA6CEED-E066-4580-A633-8EC0D6EDEADF}.Debug|x86.Build.0 = Debug|Win32
		{BBA6CEED-E066-4580-A633-8EC0D6EDEADF}.Release|x64.ActiveCfg = Release|x64
		{BBA6CEED-E066-4580-A633-8EC0D6EDEADF}.Release|x64.Build.0 = Release|x64
		{BBA6CEED-E066-4580-A633-8EC0D6EDEADF}.Release|x86.ActiveCfg = Release|Win32
		{BBA6CEED-E066-4580-A633-8EC0D6EDEADF}.Release|x86.Build.0 = Release|Win32
		{8025F503-D584-4F50-8F47-E9C84226A093}.Debug|x64.ActiveCfg = Debug|x64
		{8025F503-D584-4F50-8F47-E9C84226A093}.Debug|x64.Build.0 = Debug|x64
		{8025F503-D584-4F50-8F47-E9C84226A093}.Debug|x86.ActiveCfg = Debug|Win32
		{8025F503-D584-4F50-8F47-E9C84226A093}.Debug|x86.Build.0 = Debug|Win32
		{8025F503-D584-4F50-8F47-E9C84226A093}.Release|x64.ActiveCfg = Release|x64
		{8025F503-D584-4F50-8F47-E9C84226A093}.Release|x64.Build.0 = Release|x64
		{8025F503-D584-4F50-8F47-E9C84226A093}.Release|x86.ActiveCfg = Release|Win32
		{8025F503-D584-4F50-8F47-E9C84226A093}.Release|x86.Build.0 = Release|Win32
		{E1EC53CD-D984-40B1-9DA4-03D7AAAB7263}.Debug|x64.ActiveCfg = Debug|x64
		{E1EC53CD-D984-40B1-9DA4-03D7AAAB7263}.Debug|x64.Build.0 = Debug|x64
		{E1EC53CD-D984-40B1-9DA4-03D7AAAB7263}.Debug|x86.ActiveCfg = Debug|Win32
		{E1EC53CD-D984-40B1-9DA4-03D7AAAB7263}.Debug|x86.Build.0 = Debug|Win32
		{E1EC53CD-D984-40B1-9DA4-03D7AAAB7263}.Release|x64.ActiveCfg = Release|x64
		{E1EC53CD-D984-40B1-9DA4-03D7AAAB7263}.Release|x64.Build.0 = Release|x64
		{E1EC53CD-D984-40B1-9DA4-03D7AAAB7263}.Release|x86.ActiveCfg = Release|Win32
		{E1EC53CD-D984-40B1-9DA4-03D7AAAB7263}.Release|x86.Build.0 = Release|Win32
		{282CBDD5-B192-4097-94D9-F58022362213}.Debug|x64.ActiveCfg = Debug|x64
		{282CBDD5-B192-4097-94D9-F58022362213}.Debug|x64.Build.0 = Debug|x64
		{282CBDD5-B192-4097-94D9-F58022362213}.Debug|x86.ActiveCfg = Debug|Win32
		{282CBDD5-B192-4097-94D9-F58022362213}.Debug|x86.Build.0 = Debug|Win32
		{282CBDD5-B192-4097-94D9-F58022362213}.Release|x64.ActiveCfg = Release|x64
		{282CBDD5-B192-4097-94D9-F58022362213}.Release|x64.Build.0 = Release|x64
		{282CBDD5-B192-4097-94D9-F58022362213}.Release|x86.ActiveCfg = Release|Win32
		{282CBDD5-B192-4097-94D9-F58022362213}.Release|x86.Build.0 = Release|Win32
		{C0461141-746D-4018-9D5F-35ED9F93891E}.Debug|x64.ActiveCfg = Debug|x64
		{C0461141-746D-4018-9D5F-35ED9F93891E}.Debug|x64.Build.0 = Debug|x64
		{C0461141-746D-4018-9D5F-35ED9F93891E}.Debug|x86.ActiveCfg = Debug|Win32
		{C0461141-746D-4018-9D5F-35ED9F93891E}.Debug|x86.Build.0 = Debug|Win32
		{C0461141-746D-4018-9D5F-35ED9F93891E}.Release|x64.ActiveCfg = Release|x64
		{C0461141-746D-4018-9D5F-35ED9F93891E}.Release|x64.Build.0 = Release|x64
		{C0461141-746D-4018-9D5F-35ED9F93891E}.Release|x86.ActiveCfg = Release|Win32
		{C0461141-746D-4018-9D5F-35ED9F93891E}.Release|x86.Build.0 = Release|Win32
	EndGlobalSection
	GlobalSection(SolutionProperties) = preSolution
		HideSolutionNode = FALSE
	EndGlobalSection
	GlobalSection(ExtensibilityGlobals) = postSolution
		SolutionGuid = {0F4916B2-6640-4524-BFD4-333F7D8E1A00}
	EndGlobalSection
EndGlobal
